
Microsoft Visual Studio Solution File, Format Version 12.00
# Visual Studio Version 17
VisualStudioVersion = 17.8.34330.188
MinimumVisualStudioVersion = 10.0.40219.1
Project("{FAE04EC0-301F-11D3-BF4B-00C04F79EFBC}") = "NexioMax3.Definition", "NexioMax3.Definition\NexioMax3.Definition.csproj", "{19B65C0A-8E5E-44D6-B60F-CA45F16526D4}"
EndProject
Project("{FAE04EC0-301F-11D3-BF4B-00C04F79EFBC}") = "NexioMax3.Domain", "NexioMax3.Domain\NexioMax3.Domain.csproj", "{52E27DD3-DB56-40EF-92DE-885C5B896200}"
EndProject
Project("{FAE04EC0-301F-11D3-BF4B-00C04F79EFBC}") = "NexioMax3.EmiOverride.Standalone", "NexioMax3.EmiOverride.Standalone\NexioMax3.EmiOverride.Standalone.csproj", "{17B4AE7A-0761-4626-A0CB-44BF5791DA0B}"
EndProject
Project("{FAE04EC0-301F-11D3-BF4B-00C04F79EFBC}") = "NexioMax3.Standalone", "NexioMax3.Standalone\NexioMax3.Standalone.csproj", "{544AF25B-894A-43B5-9A51-5418CA0BB0A8}"
EndProject
Global
	GlobalSection(SolutionConfigurationPlatforms) = preSolution
		Debug|Any CPU = Debug|Any CPU
		Debug|x86 = Debug|x86
		DebugV4|Any CPU = DebugV4|Any CPU
		DebugV4|x86 = DebugV4|x86
		Release|Any CPU = Release|Any CPU
		Release|x86 = Release|x86
		ReleaseV4|Any CPU = ReleaseV4|Any CPU
		ReleaseV4|x86 = ReleaseV4|x86
	EndGlobalSection
	GlobalSection(ProjectConfigurationPlatforms) = postSolution
		{19B65C0A-8E5E-44D6-B60F-CA45F16526D4}.Debug|Any CPU.ActiveCfg = Debug|Any CPU
		{19B65C0A-8E5E-44D6-B60F-CA45F16526D4}.Debug|Any CPU.Build.0 = Debug|Any CPU
		{19B65C0A-8E5E-44D6-B60F-CA45F16526D4}.Debug|x86.ActiveCfg = Debug|Any CPU
		{19B65C0A-8E5E-44D6-B60F-CA45F16526D4}.Debug|x86.Build.0 = Debug|Any CPU
		{19B65C0A-8E5E-44D6-B60F-CA45F16526D4}.DebugV4|Any CPU.ActiveCfg = Debug|Any CPU
		{19B65C0A-8E5E-44D6-B60F-CA45F16526D4}.DebugV4|Any CPU.Build.0 = Debug|Any CPU
		{19B65C0A-8E5E-44D6-B60F-CA45F16526D4}.DebugV4|x86.ActiveCfg = Debug|Any CPU
		{19B65C0A-8E5E-44D6-B60F-CA45F16526D4}.DebugV4|x86.Build.0 = Debug|Any CPU
		{19B65C0A-8E5E-44D6-B60F-CA45F16526D4}.Release|Any CPU.ActiveCfg = Release|Any CPU
		{19B65C0A-8E5E-44D6-B60F-CA45F16526D4}.Release|Any CPU.Build.0 = Release|Any CPU
		{19B65C0A-8E5E-44D6-B60F-CA45F16526D4}.Release|x86.ActiveCfg = Release|Any CPU
		{19B65C0A-8E5E-44D6-B60F-CA45F16526D4}.Release|x86.Build.0 = Release|Any CPU
		{19B65C0A-8E5E-44D6-B60F-CA45F16526D4}.ReleaseV4|Any CPU.ActiveCfg = Release|Any CPU
		{19B65C0A-8E5E-44D6-B60F-CA45F16526D4}.ReleaseV4|Any CPU.Build.0 = Release|Any CPU
		{19B65C0A-8E5E-44D6-B60F-CA45F16526D4}.ReleaseV4|x86.ActiveCfg = Release|Any CPU
		{19B65C0A-8E5E-44D6-B60F-CA45F16526D4}.ReleaseV4|x86.Build.0 = Release|Any CPU
		{52E27DD3-DB56-40EF-92DE-885C5B896200}.Debug|Any CPU.ActiveCfg = Debug|Any CPU
		{52E27DD3-DB56-40EF-92DE-885C5B896200}.Debug|Any CPU.Build.0 = Debug|Any CPU
		{52E27DD3-DB56-40EF-92DE-885C5B896200}.Debug|x86.ActiveCfg = Debug|Any CPU
		{52E27DD3-DB56-40EF-92DE-885C5B896200}.Debug|x86.Build.0 = Debug|Any CPU
		{52E27DD3-DB56-40EF-92DE-885C5B896200}.DebugV4|Any CPU.ActiveCfg = Debug|Any CPU
		{52E27DD3-DB56-40EF-92DE-885C5B896200}.DebugV4|Any CPU.Build.0 = Debug|Any CPU
		{52E27DD3-DB56-40EF-92DE-885C5B896200}.DebugV4|x86.ActiveCfg = Debug|Any CPU
		{52E27DD3-DB56-40EF-92DE-885C5B896200}.DebugV4|x86.Build.0 = Debug|Any CPU
		{52E27DD3-DB56-40EF-92DE-885C5B896200}.Release|Any CPU.ActiveCfg = Release|Any CPU
		{52E27DD3-DB56-40EF-92DE-885C5B896200}.Release|Any CPU.Build.0 = Release|Any CPU
		{52E27DD3-DB56-40EF-92DE-885C5B896200}.Release|x86.ActiveCfg = Release|Any CPU
		{52E27DD3-DB56-40EF-92DE-885C5B896200}.Release|x86.Build.0 = Release|Any CPU
		{52E27DD3-DB56-40EF-92DE-885C5B896200}.ReleaseV4|Any CPU.ActiveCfg = Release|Any CPU
		{52E27DD3-DB56-40EF-92DE-885C5B896200}.ReleaseV4|Any CPU.Build.0 = Release|Any CPU
		{52E27DD3-DB56-40EF-92DE-885C5B896200}.ReleaseV4|x86.ActiveCfg = Release|Any CPU
		{52E27DD3-DB56-40EF-92DE-885C5B896200}.ReleaseV4|x86.Build.0 = Release|Any CPU
		{17B4AE7A-0761-4626-A0CB-44BF5791DA0B}.Debug|Any CPU.ActiveCfg = Debug|Any CPU
		{17B4AE7A-0761-4626-A0CB-44BF5791DA0B}.Debug|Any CPU.Build.0 = Debug|Any CPU
		{17B4AE7A-0761-4626-A0CB-44BF5791DA0B}.Debug|x86.ActiveCfg = Debug|Any CPU
		{17B4AE7A-0761-4626-A0CB-44BF5791DA0B}.Debug|x86.Build.0 = Debug|Any CPU
		{17B4AE7A-0761-4626-A0CB-44BF5791DA0B}.DebugV4|Any CPU.ActiveCfg = Debug|Any CPU
		{17B4AE7A-0761-4626-A0CB-44BF5791DA0B}.DebugV4|Any CPU.Build.0 = Debug|Any CPU
		{17B4AE7A-0761-4626-A0CB-44BF5791DA0B}.DebugV4|x86.ActiveCfg = Debug|Any CPU
		{17B4AE7A-0761-4626-A0CB-44BF5791DA0B}.DebugV4|x86.Build.0 = Debug|Any CPU
		{17B4AE7A-0761-4626-A0CB-44BF5791DA0B}.Release|Any CPU.ActiveCfg = Release|Any CPU
		{17B4AE7A-0761-4626-A0CB-44BF5791DA0B}.Release|Any CPU.Build.0 = Release|Any CPU
		{17B4AE7A-0761-4626-A0CB-44BF5791DA0B}.Release|x86.ActiveCfg = Release|Any CPU
		{17B4AE7A-0761-4626-A0CB-44BF5791DA0B}.Release|x86.Build.0 = Release|Any CPU
		{17B4AE7A-0761-4626-A0CB-44BF5791DA0B}.ReleaseV4|Any CPU.ActiveCfg = Release|Any CPU
		{17B4AE7A-0761-4626-A0CB-44BF5791DA0B}.ReleaseV4|Any CPU.Build.0 = Release|Any CPU
		{17B4AE7A-0761-4626-A0CB-44BF5791DA0B}.ReleaseV4|x86.ActiveCfg = Release|Any CPU
		{17B4AE7A-0761-4626-A0CB-44BF5791DA0B}.ReleaseV4|x86.Build.0 = Release|Any CPU
		{544AF25B-894A-43B5-9A51-5418CA0BB0A8}.Debug|Any CPU.ActiveCfg = Debug|Any CPU
		{544AF25B-894A-43B5-9A51-5418CA0BB0A8}.Debug|Any CPU.Build.0 = Debug|Any CPU
		{544AF25B-894A-43B5-9A51-5418CA0BB0A8}.Debug|x86.ActiveCfg = Debug|Any CPU
		{544AF25B-894A-43B5-9A51-5418CA0BB0A8}.Debug|x86.Build.0 = Debug|Any CPU
		{544AF25B-894A-43B5-9A51-5418CA0BB0A8}.DebugV4|Any CPU.ActiveCfg = Debug|Any CPU
		{544AF25B-894A-43B5-9A51-5418CA0BB0A8}.DebugV4|Any CPU.Build.0 = Debug|Any CPU
		{544AF25B-894A-43B5-9A51-5418CA0BB0A8}.DebugV4|x86.ActiveCfg = Debug|Any CPU
		{544AF25B-894A-43B5-9A51-5418CA0BB0A8}.DebugV4|x86.Build.0 = Debug|Any CPU
		{544AF25B-894A-43B5-9A51-5418CA0BB0A8}.Release|Any CPU.ActiveCfg = Release|Any CPU
		{544AF25B-894A-43B5-9A51-5418CA0BB0A8}.Release|Any CPU.Build.0 = Release|Any CPU
		{544AF25B-894A-43B5-9A51-5418CA0BB0A8}.Release|x86.ActiveCfg = Release|Any CPU
		{544AF25B-894A-43B5-9A51-5418CA0BB0A8}.Release|x86.Build.0 = Release|Any CPU
		{544AF25B-894A-43B5-9A51-5418CA0BB0A8}.ReleaseV4|Any CPU.ActiveCfg = Release|Any CPU
		{544AF25B-894A-43B5-9A51-5418CA0BB0A8}.ReleaseV4|Any CPU.Build.0 = Release|Any CPU
		{544AF25B-894A-43B5-9A51-5418CA0BB0A8}.ReleaseV4|x86.ActiveCfg = Release|Any CPU
		{544AF25B-894A-43B5-9A51-5418CA0BB0A8}.ReleaseV4|x86.Build.0 = Release|Any CPU
	EndGlobalSection
	GlobalSection(SolutionProperties) = preSolution
		HideSolutionNode = FALSE
	EndGlobalSection
	GlobalSection(ExtensibilityGlobals) = postSolution
		SolutionGuid = {DB823C22-F65C-4641-A009-697A7B72DBA6}
	EndGlobalSection
EndGlobal
