
Microsoft Visual Studio Solution File, Format Version 12.00
# Visual Studio Version 17
VisualStudioVersion = 17.2.32630.192
MinimumVisualStudioVersion = 10.0.40219.1
Project("{FAE04EC0-301F-11D3-BF4B-00C04F79EFBC}") = "UnzipDoubleClick", "UnzipDoubleClick\UnzipDoubleClick.csproj", "{928358E6-29A8-4239-BDDD-305D6224CEE8}"
EndProject
Global
	GlobalSection(SolutionConfigurationPlatforms) = preSolution
		Debug|Any CPU = Debug|Any CPU
		Release|Any CPU = Release|Any CPU
	EndGlobalSection
	GlobalSection(ProjectConfigurationPlatforms) = postSolution
		{928358E6-29A8-4239-BDDD-305D6224CEE8}.Debug|Any CPU.ActiveCfg = Debug|Any CPU
		{928358E6-29A8-4239-BDDD-305D6224CEE8}.Debug|Any CPU.Build.0 = Debug|Any CPU
		{928358E6-29A8-4239-BDDD-305D6224CEE8}.Release|Any CPU.ActiveCfg = Release|Any CPU
		{928358E6-29A8-4239-BDDD-305D6224CEE8}.Release|Any CPU.Build.0 = Release|Any CPU
	EndGlobalSection
	GlobalSection(SolutionProperties) = preSolution
		HideSolutionNode = FALSE
	EndGlobalSection
	GlobalSection(ExtensibilityGlobals) = postSolution
		SolutionGuid = {5FE1185F-1D3A-411F-8766-4CD577F9AE42}
	EndGlobalSection
EndGlobal
