
Microsoft Visual Studio Solution File, Format Version 12.00
# Visual Studio Version 17
VisualStudioVersion = 17.4.33403.182
MinimumVisualStudioVersion = 10.0.40219.1
Project("{9A19103F-16F7-4668-BE54-9A1E7A4F7556}") = "NexioMax", "NexioMax.csproj", "{F83FADE3-B688-46E0-AB3E-96FC8216448D}"
EndProject
Project("{FAE04EC0-301F-11D3-BF4B-00C04F79EFBC}") = "WpfApp1", "..\WpfApp1\WpfApp1.csproj", "{6F11C859-D7EE-41C6-B939-F24BBB508F23}"
EndProject
Global
	GlobalSection(SolutionConfigurationPlatforms) = preSolution
		Debug|Any CPU = Debug|Any CPU
		Release|Any CPU = Release|Any CPU
	EndGlobalSection
	GlobalSection(ProjectConfigurationPlatforms) = postSolution
		{F83FADE3-B688-46E0-AB3E-96FC8216448D}.Debug|Any CPU.ActiveCfg = Debug|Any CPU
		{F83FADE3-B688-46E0-AB3E-96FC8216448D}.Debug|Any CPU.Build.0 = Debug|Any CPU
		{F83FADE3-B688-46E0-AB3E-96FC8216448D}.Release|Any CPU.ActiveCfg = Release|Any CPU
		{F83FADE3-B688-46E0-AB3E-96FC8216448D}.Release|Any CPU.Build.0 = Release|Any CPU
		{6F11C859-D7EE-41C6-B939-F24BBB508F23}.Debug|Any CPU.ActiveCfg = Debug|Any CPU
		{6F11C859-D7EE-41C6-B939-F24BBB508F23}.Debug|Any CPU.Build.0 = Debug|Any CPU
		{6F11C859-D7EE-41C6-B939-F24BBB508F23}.Release|Any CPU.ActiveCfg = Release|Any CPU
		{6F11C859-D7EE-41C6-B939-F24BBB508F23}.Release|Any CPU.Build.0 = Release|Any CPU
	EndGlobalSection
	GlobalSection(SolutionProperties) = preSolution
		HideSolutionNode = FALSE
	EndGlobalSection
	GlobalSection(ExtensibilityGlobals) = postSolution
		SolutionGuid = {40F43485-92F8-4238-A1F4-4B6A93CEAE45}
	EndGlobalSection
EndGlobal
