
Microsoft Visual Studio Solution File, Format Version 12.00
# Visual Studio Version 17
VisualStudioVersion = 17.3.32929.385
MinimumVisualStudioVersion = 10.0.40219.1
Project("{FAE04EC0-301F-11D3-BF4B-00C04F79EFBC}") = "MapAlarm.Android", "MapAlarm.Android\MapAlarm.Android.csproj", "{9522B950-F115-4018-BE91-23CE7F4AAE5F}"
EndProject
Project("{FAE04EC0-301F-11D3-BF4B-00C04F79EFBC}") = "MapAlarm.iOS", "MapAlarm.iOS\MapAlarm.iOS.csproj", "{82592B19-9858-47CD-8832-6AF42C6B54AF}"
EndProject
Project("{9A19103F-16F7-4668-BE54-9A1E7A4F7556}") = "MapAlarm", "MapAlarm\MapAlarm.csproj", "{269A1D79-589B-41A4-82FB-A21FDF76D999}"
EndProject
Global
	GlobalSection(SolutionConfigurationPlatforms) = preSolution
		Debug|Any CPU = Debug|Any CPU
		Debug|iPhone = Debug|iPhone
		Debug|iPhoneSimulator = Debug|iPhoneSimulator
		Release|Any CPU = Release|Any CPU
		Release|iPhone = Release|iPhone
		Release|iPhoneSimulator = Release|iPhoneSimulator
	EndGlobalSection
	GlobalSection(ProjectConfigurationPlatforms) = postSolution
		{9522B950-F115-4018-BE91-23CE7F4AAE5F}.Debug|Any CPU.ActiveCfg = Debug|Any CPU
		{9522B950-F115-4018-BE91-23CE7F4AAE5F}.Debug|Any CPU.Build.0 = Debug|Any CPU
		{9522B950-F115-4018-BE91-23CE7F4AAE5F}.Debug|Any CPU.Deploy.0 = Debug|Any CPU
		{9522B950-F115-4018-BE91-23CE7F4AAE5F}.Debug|iPhone.ActiveCfg = Debug|Any CPU
		{9522B950-F115-4018-BE91-23CE7F4AAE5F}.Debug|iPhone.Build.0 = Debug|Any CPU
		{9522B950-F115-4018-BE91-23CE7F4AAE5F}.Debug|iPhone.Deploy.0 = Debug|Any CPU
		{9522B950-F115-4018-BE91-23CE7F4AAE5F}.Debug|iPhoneSimulator.ActiveCfg = Debug|Any CPU
		{9522B950-F115-4018-BE91-23CE7F4AAE5F}.Debug|iPhoneSimulator.Build.0 = Debug|Any CPU
		{9522B950-F115-4018-BE91-23CE7F4AAE5F}.Debug|iPhoneSimulator.Deploy.0 = Debug|Any CPU
		{9522B950-F115-4018-BE91-23CE7F4AAE5F}.Release|Any CPU.ActiveCfg = Release|Any CPU
		{9522B950-F115-4018-BE91-23CE7F4AAE5F}.Release|Any CPU.Build.0 = Release|Any CPU
		{9522B950-F115-4018-BE91-23CE7F4AAE5F}.Release|Any CPU.Deploy.0 = Release|Any CPU
		{9522B950-F115-4018-BE91-23CE7F4AAE5F}.Release|iPhone.ActiveCfg = Release|Any CPU
		{9522B950-F115-4018-BE91-23CE7F4AAE5F}.Release|iPhone.Build.0 = Release|Any CPU
		{9522B950-F115-4018-BE91-23CE7F4AAE5F}.Release|iPhone.Deploy.0 = Release|Any CPU
		{9522B950-F115-4018-BE91-23CE7F4AAE5F}.Release|iPhoneSimulator.ActiveCfg = Release|Any CPU
		{9522B950-F115-4018-BE91-23CE7F4AAE5F}.Release|iPhoneSimulator.Build.0 = Release|Any CPU
		{9522B950-F115-4018-BE91-23CE7F4AAE5F}.Release|iPhoneSimulator.Deploy.0 = Release|Any CPU
		{82592B19-9858-47CD-8832-6AF42C6B54AF}.Debug|Any CPU.ActiveCfg = Debug|iPhone
		{82592B19-9858-47CD-8832-6AF42C6B54AF}.Debug|Any CPU.Deploy.0 = Debug|iPhone
		{82592B19-9858-47CD-8832-6AF42C6B54AF}.Debug|iPhone.ActiveCfg = Debug|iPhone
		{82592B19-9858-47CD-8832-6AF42C6B54AF}.Debug|iPhone.Build.0 = Debug|iPhone
		{82592B19-9858-47CD-8832-6AF42C6B54AF}.Debug|iPhone.Deploy.0 = Debug|iPhone
		{82592B19-9858-47CD-8832-6AF42C6B54AF}.Debug|iPhoneSimulator.ActiveCfg = Debug|iPhoneSimulator
		{82592B19-9858-47CD-8832-6AF42C6B54AF}.Debug|iPhoneSimulator.Build.0 = Debug|iPhoneSimulator
		{82592B19-9858-47CD-8832-6AF42C6B54AF}.Debug|iPhoneSimulator.Deploy.0 = Debug|iPhoneSimulator
		{82592B19-9858-47CD-8832-6AF42C6B54AF}.Release|Any CPU.ActiveCfg = Release|iPhoneSimulator
		{82592B19-9858-47CD-8832-6AF42C6B54AF}.Release|Any CPU.Build.0 = Release|iPhoneSimulator
		{82592B19-9858-47CD-8832-6AF42C6B54AF}.Release|Any CPU.Deploy.0 = Release|iPhoneSimulator
		{82592B19-9858-47CD-8832-6AF42C6B54AF}.Release|iPhone.ActiveCfg = Release|iPhone
		{82592B19-9858-47CD-8832-6AF42C6B54AF}.Release|iPhone.Build.0 = Release|iPhone
		{82592B19-9858-47CD-8832-6AF42C6B54AF}.Release|iPhone.Deploy.0 = Release|iPhone
		{82592B19-9858-47CD-8832-6AF42C6B54AF}.Release|iPhoneSimulator.ActiveCfg = Release|iPhoneSimulator
		{82592B19-9858-47CD-8832-6AF42C6B54AF}.Release|iPhoneSimulator.Build.0 = Release|iPhoneSimulator
		{82592B19-9858-47CD-8832-6AF42C6B54AF}.Release|iPhoneSimulator.Deploy.0 = Release|iPhoneSimulator
		{269A1D79-589B-41A4-82FB-A21FDF76D999}.Debug|Any CPU.ActiveCfg = Debug|Any CPU
		{269A1D79-589B-41A4-82FB-A21FDF76D999}.Debug|Any CPU.Build.0 = Debug|Any CPU
		{269A1D79-589B-41A4-82FB-A21FDF76D999}.Debug|Any CPU.Deploy.0 = Debug|Any CPU
		{269A1D79-589B-41A4-82FB-A21FDF76D999}.Debug|iPhone.ActiveCfg = Debug|Any CPU
		{269A1D79-589B-41A4-82FB-A21FDF76D999}.Debug|iPhone.Build.0 = Debug|Any CPU
		{269A1D79-589B-41A4-82FB-A21FDF76D999}.Debug|iPhone.Deploy.0 = Debug|Any CPU
		{269A1D79-589B-41A4-82FB-A21FDF76D999}.Debug|iPhoneSimulator.ActiveCfg = Debug|Any CPU
		{269A1D79-589B-41A4-82FB-A21FDF76D999}.Debug|iPhoneSimulator.Build.0 = Debug|Any CPU
		{269A1D79-589B-41A4-82FB-A21FDF76D999}.Debug|iPhoneSimulator.Deploy.0 = Debug|Any CPU
		{269A1D79-589B-41A4-82FB-A21FDF76D999}.Release|Any CPU.ActiveCfg = Release|Any CPU
		{269A1D79-589B-41A4-82FB-A21FDF76D999}.Release|Any CPU.Build.0 = Release|Any CPU
		{269A1D79-589B-41A4-82FB-A21FDF76D999}.Release|Any CPU.Deploy.0 = Release|Any CPU
		{269A1D79-589B-41A4-82FB-A21FDF76D999}.Release|iPhone.ActiveCfg = Release|Any CPU
		{269A1D79-589B-41A4-82FB-A21FDF76D999}.Release|iPhone.Build.0 = Release|Any CPU
		{269A1D79-589B-41A4-82FB-A21FDF76D999}.Release|iPhone.Deploy.0 = Release|Any CPU
		{269A1D79-589B-41A4-82FB-A21FDF76D999}.Release|iPhoneSimulator.ActiveCfg = Release|Any CPU
		{269A1D79-589B-41A4-82FB-A21FDF76D999}.Release|iPhoneSimulator.Build.0 = Release|Any CPU
		{269A1D79-589B-41A4-82FB-A21FDF76D999}.Release|iPhoneSimulator.Deploy.0 = Release|Any CPU
	EndGlobalSection
	GlobalSection(SolutionProperties) = preSolution
		HideSolutionNode = FALSE
	EndGlobalSection
	GlobalSection(ExtensibilityGlobals) = postSolution
		SolutionGuid = {1316C953-6F4F-471D-BCB2-BB5F88106CE1}
	EndGlobalSection
EndGlobal
